// !$*UTF8*$!
{
	archiveVersion = 1;
	classes = {
	};
	objectVersion = 77;
	objects = {

/* Begin PBXBuildFile section */
		D03CAB892DDDB72700FFAE4A /* Scanner in Frameworks */ = {isa = PBXBuildFile; productRef = D03CAB882DDDB72700FFAE4A /* Scanner */; };
		D0F198E12DE0810C00C8BA89 /* ScanDemoApp.swift in Sources */ = {isa = PBXBuildFile; fileRef = D0F198DE2DE0810C00C8BA89 /* ScanDemoApp.swift */; };
		D0F198E22DE0810C00C8BA89 /* ContentView.swift in Sources */ = {isa = PBXBuildFile; fileRef = D0F198DA2DE0810C00C8BA89 /* ContentView.swift */; };
		D0F198E32DE0810C00C8BA89 /* ScanDemo.xcdatamodeld in Sources */ = {isa = PBXBuildFile; fileRef = D0F198DD2DE0810C00C8BA89 /* ScanDemo.xcdatamodeld */; };
		D0F198E42DE0810C00C8BA89 /* Persistence.swift in Sources */ = {isa = PBXBuildFile; fileRef = D0F198DC2DE0810C00C8BA89 /* Persistence.swift */; };
		D0F198E52DE0810C00C8BA89 /* Assets.xcassets in Resources */ = {isa = PBXBuildFile; fileRef = D0F198D92DE0810C00C8BA89 /* Assets.xcassets */; };
		D0F198E62DE0810C00C8BA89 /* Info.plist in Resources */ = {isa = PBXBuildFile; fileRef = D0F198DB2DE0810C00C8BA89 /* Info.plist */; };
		D0F198E72DE0810C00C8BA89 /* ScanDemoApp.swift in Sources */ = {isa = PBXBuildFile; fileRef = D0F198DE2DE0810C00C8BA89 /* ScanDemoApp.swift */; };
		D0F198E82DE0810C00C8BA89 /* ContentView.swift in Sources */ = {isa = PBXBuildFile; fileRef = D0F198DA2DE0810C00C8BA89 /* ContentView.swift */; };
		D0F198E92DE0810C00C8BA89 /* ScanDemo.xcdatamodeld in Sources */ = {isa = PBXBuildFile; fileRef = D0F198DD2DE0810C00C8BA89 /* ScanDemo.xcdatamodeld */; };
		D0F198EA2DE0810C00C8BA89 /* Persistence.swift in Sources */ = {isa = PBXBuildFile; fileRef = D0F198DC2DE0810C00C8BA89 /* Persistence.swift */; };
		D0F198EB2DE0810C00C8BA89 /* Assets.xcassets in Resources */ = {isa = PBXBuildFile; fileRef = D0F198D92DE0810C00C8BA89 /* Assets.xcassets */; };
/* End PBXBuildFile section */

/* Begin PBXContainerItemProxy section */
		D04916C92DDC5F24003A55E1 /* PBXContainerItemProxy */ = {
			isa = PBXContainerItemProxy;
			containerPortal = D04916AE2DDC5F21003A55E1 /* Project object */;
			proxyType = 1;
			remoteGlobalIDString = D04916B52DDC5F21003A55E1;
			remoteInfo = ScanDemo;
		};
		D04916D32DDC5F24003A55E1 /* PBXContainerItemProxy */ = {
			isa = PBXContainerItemProxy;
			containerPortal = D04916AE2DDC5F21003A55E1 /* Project object */;
			proxyType = 1;
			remoteGlobalIDString = D04916B52DDC5F21003A55E1;
			remoteInfo = ScanDemo;
		};
/* End PBXContainerItemProxy section */

/* Begin PBXFileReference section */
		D04916B62DDC5F21003A55E1 /* ScannerDemoIOS.app */ = {isa = PBXFileReference; explicitFileType = wrapper.application; includeInIndex = 0; path = ScannerDemoIOS.app; sourceTree = BUILT_PRODUCTS_DIR; };
		D04916C82DDC5F24003A55E1 /* ScannerDemoIOSTests.xctest */ = {isa = PBXFileReference; explicitFileType = wrapper.cfbundle; includeInIndex = 0; path = ScannerDemoIOSTests.xctest; sourceTree = BUILT_PRODUCTS_DIR; };
		D04916D22DDC5F24003A55E1 /* ScannerDemoIOSUITests.xctest */ = {isa = PBXFileReference; explicitFileType = wrapper.cfbundle; includeInIndex = 0; path = ScannerDemoIOSUITests.xctest; sourceTree = BUILT_PRODUCTS_DIR; };
		D0F198D92DE0810C00C8BA89 /* Assets.xcassets */ = {isa = PBXFileReference; lastKnownFileType = folder.assetcatalog; path = Assets.xcassets; sourceTree = "<group>"; };
		D0F198DA2DE0810C00C8BA89 /* ContentView.swift */ = {isa = PBXFileReference; lastKnownFileType = sourcecode.swift; path = ContentView.swift; sourceTree = "<group>"; };
		D0F198DB2DE0810C00C8BA89 /* Info.plist */ = {isa = PBXFileReference; lastKnownFileType = text.plist.xml; path = Info.plist; sourceTree = "<group>"; };
		D0F198DC2DE0810C00C8BA89 /* Persistence.swift */ = {isa = PBXFileReference; lastKnownFileType = sourcecode.swift; path = Persistence.swift; sourceTree = "<group>"; };
		D0F198DE2DE0810C00C8BA89 /* ScanDemoApp.swift */ = {isa = PBXFileReference; lastKnownFileType = sourcecode.swift; path = ScanDemoApp.swift; sourceTree = "<group>"; };
		D0F198E02DE0810C00C8BA89 /* ScanDemo.xcdatamodel */ = {isa = PBXFileReference; lastKnownFileType = wrapper.xcdatamodel; path = ScanDemo.xcdatamodel; sourceTree = "<group>"; };
/* End PBXFileReference section */

/* Begin PBXFileSystemSynchronizedRootGroup section */
		D04916CB2DDC5F24003A55E1 /* ScanDemoTests */ = {
			isa = PBXFileSystemSynchronizedRootGroup;
			path = ScanDemoTests;
			sourceTree = "<group>";
		};
		D04916D52DDC5F24003A55E1 /* ScanDemoUITests */ = {
			isa = PBXFileSystemSynchronizedRootGroup;
			path = ScanDemoUITests;
			sourceTree = "<group>";
		};
/* End PBXFileSystemSynchronizedRootGroup section */

/* Begin PBXFrameworksBuildPhase section */
		D04916B32DDC5F21003A55E1 /* Frameworks */ = {
			isa = PBXFrameworksBuildPhase;
			buildActionMask = 2147483647;
			files = (
				D03CAB892DDDB72700FFAE4A /* Scanner in Frameworks */,
			);
			runOnlyForDeploymentPostprocessing = 0;
		};
		D04916C52DDC5F24003A55E1 /* Frameworks */ = {
			isa = PBXFrameworksBuildPhase;
			buildActionMask = 2147483647;
			files = (
			);
			runOnlyForDeploymentPostprocessing = 0;
		};
		D04916CF2DDC5F24003A55E1 /* Frameworks */ = {
			isa = PBXFrameworksBuildPhase;
			buildActionMask = 2147483647;
			files = (
			);
			runOnlyForDeploymentPostprocessing = 0;
		};
/* End PBXFrameworksBuildPhase section */

/* Begin PBXGroup section */
		D04916AD2DDC5F21003A55E1 = {
			isa = PBXGroup;
			children = (
				D0F198DF2DE0810C00C8BA89 /* ScannerDemoIOS */,
				D04916CB2DDC5F24003A55E1 /* ScanDemoTests */,
				D04916D52DDC5F24003A55E1 /* ScanDemoUITests */,
				D08D4D5F2DDC8FDE00E76E14 /* Frameworks */,
				D04916B72DDC5F21003A55E1 /* Products */,
			);
			sourceTree = "<group>";
		};
		D04916B72DDC5F21003A55E1 /* Products */ = {
			isa = PBXGroup;
			children = (
				D04916B62DDC5F21003A55E1 /* ScannerDemoIOS.app */,
				D04916C82DDC5F24003A55E1 /* ScannerDemoIOSTests.xctest */,
				D04916D22DDC5F24003A55E1 /* ScannerDemoIOSUITests.xctest */,
			);
			name = Products;
			sourceTree = "<group>";
		};
		D08D4D5F2DDC8FDE00E76E14 /* Frameworks */ = {
			isa = PBXGroup;
			children = (
			);
			name = Frameworks;
			sourceTree = "<group>";
		};
		D0F198DF2DE0810C00C8BA89 /* ScannerDemoIOS */ = {
			isa = PBXGroup;
			children = (
				D0F198D92DE0810C00C8BA89 /* Assets.xcassets */,
				D0F198DA2DE0810C00C8BA89 /* ContentView.swift */,
				D0F198DB2DE0810C00C8BA89 /* Info.plist */,
				D0F198DC2DE0810C00C8BA89 /* Persistence.swift */,
				D0F198DD2DE0810C00C8BA89 /* ScanDemo.xcdatamodeld */,
				D0F198DE2DE0810C00C8BA89 /* ScanDemoApp.swift */,
			);
			path = ScannerDemoIOS;
			sourceTree = "<group>";
		};
/* End PBXGroup section */

/* Begin PBXNativeTarget section */
		D04916B52DDC5F21003A55E1 /* ScannerDemoIOS */ = {
			isa = PBXNativeTarget;
			buildConfigurationList = D04916DC2DDC5F24003A55E1 /* Build configuration list for PBXNativeTarget "ScannerDemoIOS" */;
			buildPhases = (
				D04916B22DDC5F21003A55E1 /* Sources */,
				D04916B32DDC5F21003A55E1 /* Frameworks */,
				D04916B42DDC5F21003A55E1 /* Resources */,
			);
			buildRules = (
			);
			dependencies = (
			);
			name = ScannerDemoIOS;
			packageProductDependencies = (
				D03CAB882DDDB72700FFAE4A /* Scanner */,
			);
			productName = ScanDemo;
			productReference = D04916B62DDC5F21003A55E1 /* ScannerDemoIOS.app */;
			productType = "com.apple.product-type.application";
		};
		D04916C72DDC5F24003A55E1 /* ScannerDemoIOSTests */ = {
			isa = PBXNativeTarget;
			buildConfigurationList = D04916DF2DDC5F24003A55E1 /* Build configuration list for PBXNativeTarget "ScannerDemoIOSTests" */;
			buildPhases = (
				D04916C42DDC5F24003A55E1 /* Sources */,
				D04916C52DDC5F24003A55E1 /* Frameworks */,
				D04916C62DDC5F24003A55E1 /* Resources */,
			);
			buildRules = (
			);
			dependencies = (
				D04916CA2DDC5F24003A55E1 /* PBXTargetDependency */,
			);
			fileSystemSynchronizedGroups = (
				D04916CB2DDC5F24003A55E1 /* ScanDemoTests */,
			);
			name = ScannerDemoIOSTests;
			packageProductDependencies = (
			);
			productName = ScanDemoTests;
			productReference = D04916C82DDC5F24003A55E1 /* ScannerDemoIOSTests.xctest */;
			productType = "com.apple.product-type.bundle.unit-test";
		};
		D04916D12DDC5F24003A55E1 /* ScannerDemoIOSUITests */ = {
			isa = PBXNativeTarget;
			buildConfigurationList = D04916E22DDC5F24003A55E1 /* Build configuration list for PBXNativeTarget "ScannerDemoIOSUITests" */;
			buildPhases = (
				D04916CE2DDC5F24003A55E1 /* Sources */,
				D04916CF2DDC5F24003A55E1 /* Frameworks */,
				D04916D02DDC5F24003A55E1 /* Resources */,
			);
			buildRules = (
			);
			dependencies = (
				D04916D42DDC5F24003A55E1 /* PBXTargetDependency */,
			);
			fileSystemSynchronizedGroups = (
				D04916D52DDC5F24003A55E1 /* ScanDemoUITests */,
			);
			name = ScannerDemoIOSUITests;
			packageProductDependencies = (
			);
			productName = ScanDemoUITests;
			productReference = D04916D22DDC5F24003A55E1 /* ScannerDemoIOSUITests.xctest */;
			productType = "com.apple.product-type.bundle.ui-testing";
		};
/* End PBXNativeTarget section */

/* Begin PBXProject section */
		D04916AE2DDC5F21003A55E1 /* Project object */ = {
			isa = PBXProject;
			attributes = {
				BuildIndependentTargetsInParallel = 1;
				LastSwiftUpdateCheck = 1630;
				LastUpgradeCheck = 1630;
				TargetAttributes = {
					D04916B52DDC5F21003A55E1 = {
						CreatedOnToolsVersion = 16.3;
					};
					D04916C72DDC5F24003A55E1 = {
						CreatedOnToolsVersion = 16.3;
						TestTargetID = D04916B52DDC5F21003A55E1;
					};
					D04916D12DDC5F24003A55E1 = {
						CreatedOnToolsVersion = 16.3;
						TestTargetID = D04916B52DDC5F21003A55E1;
					};
				};
			};
			buildConfigurationList = D04916B12DDC5F21003A55E1 /* Build configuration list for PBXProject "ScannerDemoIOS" */;
			developmentRegion = en;
			hasScannedForEncodings = 0;
			knownRegions = (
				en,
				Base,
			);
			mainGroup = D04916AD2DDC5F21003A55E1;
			minimizedProjectReferenceProxies = 1;
			packageReferences = (
				D0B1F3B32DDDB6C6003F83E2 /* XCLocalSwiftPackageReference "../../Packages/Scanner" */,
			);
			preferredProjectObjectVersion = 77;
			productRefGroup = D04916B72DDC5F21003A55E1 /* Products */;
			projectDirPath = "";
			projectRoot = "";
			targets = (
				D04916B52DDC5F21003A55E1 /* ScannerDemoIOS */,
				D04916C72DDC5F24003A55E1 /* ScannerDemoIOSTests */,
				D04916D12DDC5F24003A55E1 /* ScannerDemoIOSUITests */,
			);
		};
/* End PBXProject section */

/* Begin PBXResourcesBuildPhase section */
		D04916B42DDC5F21003A55E1 /* Resources */ = {
			isa = PBXResourcesBuildPhase;
			buildActionMask = 2147483647;
			files = (
				D0F198EB2DE0810C00C8BA89 /* Assets.xcassets in Resources */,
			);
			runOnlyForDeploymentPostprocessing = 0;
		};
		D04916C62DDC5F24003A55E1 /* Resources */ = {
			isa = PBXResourcesBuildPhase;
			buildActionMask = 2147483647;
			files = (
				D0F198E52DE0810C00C8BA89 /* Assets.xcassets in Resources */,
				D0F198E62DE0810C00C8BA89 /* Info.plist in Resources */,
			);
			runOnlyForDeploymentPostprocessing = 0;
		};
		D04916D02DDC5F24003A55E1 /* Resources */ = {
			isa = PBXResourcesBuildPhase;
			buildActionMask = 2147483647;
			files = (
			);
			runOnlyForDeploymentPostprocessing = 0;
		};
/* End PBXResourcesBuildPhase section */

/* Begin PBXSourcesBuildPhase section */
		D04916B22DDC5F21003A55E1 /* Sources */ = {
			isa = PBXSourcesBuildPhase;
			buildActionMask = 2147483647;
			files = (
				D0F198E72DE0810C00C8BA89 /* ScanDemoApp.swift in Sources */,
				D0F198E82DE0810C00C8BA89 /* ContentView.swift in Sources */,
				D0F198E92DE0810C00C8BA89 /* ScanDemo.xcdatamodeld in Sources */,
				D0F198EA2DE0810C00C8BA89 /* Persistence.swift in Sources */,
			);
			runOnlyForDeploymentPostprocessing = 0;
		};
		D04916C42DDC5F24003A55E1 /* Sources */ = {
			isa = PBXSourcesBuildPhase;
			buildActionMask = 2147483647;
			files = (
				D0F198E12DE0810C00C8BA89 /* ScanDemoApp.swift in Sources */,
				D0F198E22DE0810C00C8BA89 /* ContentView.swift in Sources */,
				D0F198E32DE0810C00C8BA89 /* ScanDemo.xcdatamodeld in Sources */,
				D0F198E42DE0810C00C8BA89 /* Persistence.swift in Sources */,
			);
			runOnlyForDeploymentPostprocessing = 0;
		};
		D04916CE2DDC5F24003A55E1 /* Sources */ = {
			isa = PBXSourcesBuildPhase;
			buildActionMask = 2147483647;
			files = (
			);
			runOnlyForDeploymentPostprocessing = 0;
		};
/* End PBXSourcesBuildPhase section */

/* Begin PBXTargetDependency section */
		D04916CA2DDC5F24003A55E1 /* PBXTargetDependency */ = {
			isa = PBXTargetDependency;
			target = D04916B52DDC5F21003A55E1 /* ScannerDemoIOS */;
			targetProxy = D04916C92DDC5F24003A55E1 /* PBXContainerItemProxy */;
		};
		D04916D42DDC5F24003A55E1 /* PBXTargetDependency */ = {
			isa = PBXTargetDependency;
			target = D04916B52DDC5F21003A55E1 /* ScannerDemoIOS */;
			targetProxy = D04916D32DDC5F24003A55E1 /* PBXContainerItemProxy */;
		};
/* End PBXTargetDependency section */

/* Begin XCBuildConfiguration section */
		D04916DA2DDC5F24003A55E1 /* Debug */ = {
			isa = XCBuildConfiguration;
			buildSettings = {
				ALWAYS_SEARCH_USER_PATHS = NO;
				ASSETCATALOG_COMPILER_GENERATE_SWIFT_ASSET_SYMBOL_EXTENSIONS = YES;
				CLANG_ANALYZER_NONNULL = YES;
				CLANG_ANALYZER_NUMBER_OBJECT_CONVERSION = YES_AGGRESSIVE;
				CLANG_CXX_LANGUAGE_STANDARD = "gnu++20";
				CLANG_ENABLE_MODULES = YES;
				CLANG_ENABLE_OBJC_ARC = YES;
				CLANG_ENABLE_OBJC_WEAK = YES;
				CLANG_WARN_BLOCK_CAPTURE_AUTORELEASING = YES;
				CLANG_WARN_BOOL_CONVERSION = YES;
				CLANG_WARN_COMMA = YES;
				CLANG_WARN_CONSTANT_CONVERSION = YES;
				CLANG_WARN_DEPRECATED_OBJC_IMPLEMENTATIONS = YES;
				CLANG_WARN_DIRECT_OBJC_ISA_USAGE = YES_ERROR;
				CLANG_WARN_DOCUMENTATION_COMMENTS = YES;
				CLANG_WARN_EMPTY_BODY = YES;
				CLANG_WARN_ENUM_CONVERSION = YES;
				CLANG_WARN_INFINITE_RECURSION = YES;
				CLANG_WARN_INT_CONVERSION = YES;
				CLANG_WARN_NON_LITERAL_NULL_CONVERSION = YES;
				CLANG_WARN_OBJC_IMPLICIT_RETAIN_SELF = YES;
				CLANG_WARN_OBJC_LITERAL_CONVERSION = YES;
				CLANG_WARN_OBJC_ROOT_CLASS = YES_ERROR;
				CLANG_WARN_QUOTED_INCLUDE_IN_FRAMEWORK_HEADER = YES;
				CLANG_WARN_RANGE_LOOP_ANALYSIS = YES;
				CLANG_WARN_STRICT_PROTOTYPES = YES;
				CLANG_WARN_SUSPICIOUS_MOVE = YES;
				CLANG_WARN_UNGUARDED_AVAILABILITY = YES_AGGRESSIVE;
				CLANG_WARN_UNREACHABLE_CODE = YES;
				CLANG_WARN__DUPLICATE_METHOD_MATCH = YES;
				COPY_PHASE_STRIP = NO;
				DEBUG_INFORMATION_FORMAT = dwarf;
				DEVELOPMENT_TEAM = 45EQP9793K;
				ENABLE_STRICT_OBJC_MSGSEND = YES;
				ENABLE_TESTABILITY = YES;
				ENABLE_USER_SCRIPT_SANDBOXING = YES;
				GCC_C_LANGUAGE_STANDARD = gnu17;
				GCC_DYNAMIC_NO_PIC = NO;
				GCC_NO_COMMON_BLOCKS = YES;
				GCC_OPTIMIZATION_LEVEL = 0;
				GCC_PREPROCESSOR_DEFINITIONS = (
					"DEBUG=1",
					"$(inherited)",
				);
				GCC_WARN_64_TO_32_BIT_CONVERSION = YES;
				GCC_WARN_ABOUT_RETURN_TYPE = YES_ERROR;
				GCC_WARN_UNDECLARED_SELECTOR = YES;
				GCC_WARN_UNINITIALIZED_AUTOS = YES_AGGRESSIVE;
				GCC_WARN_UNUSED_FUNCTION = YES;
				GCC_WARN_UNUSED_VARIABLE = YES;
				IPHONEOS_DEPLOYMENT_TARGET = 13;
				LOCALIZATION_PREFERS_STRING_CATALOGS = YES;
				MTL_ENABLE_DEBUG_INFO = INCLUDE_SOURCE;
				MTL_FAST_MATH = YES;
				ONLY_ACTIVE_ARCH = YES;
				SDKROOT = iphoneos;
				SWIFT_ACTIVE_COMPILATION_CONDITIONS = "DEBUG $(inherited)";
				SWIFT_OPTIMIZATION_LEVEL = "-Onone";
			};
			name = Debug;
		};
		D04916DB2DDC5F24003A55E1 /* Release */ = {
			isa = XCBuildConfiguration;
			buildSettings = {
				ALWAYS_SEARCH_USER_PATHS = NO;
				ASSETCATALOG_COMPILER_GENERATE_SWIFT_ASSET_SYMBOL_EXTENSIONS = YES;
				CLANG_ANALYZER_NONNULL = YES;
				CLANG_ANALYZER_NUMBER_OBJECT_CONVERSION = YES_AGGRESSIVE;
				CLANG_CXX_LANGUAGE_STANDARD = "gnu++20";
				CLANG_ENABLE_MODULES = YES;
				CLANG_ENABLE_OBJC_ARC = YES;
				CLANG_ENABLE_OBJC_WEAK = YES;
				CLANG_WARN_BLOCK_CAPTURE_AUTORELEASING = YES;
				CLANG_WARN_BOOL_CONVERSION = YES;
				CLANG_WARN_COMMA = YES;
				CLANG_WARN_CONSTANT_CONVERSION = YES;
				CLANG_WARN_DEPRECATED_OBJC_IMPLEMENTATIONS = YES;
				CLANG_WARN_DIRECT_OBJC_ISA_USAGE = YES_ERROR;
				CLANG_WARN_DOCUMENTATION_COMMENTS = YES;
				CLANG_WARN_EMPTY_BODY = YES;
				CLANG_WARN_ENUM_CONVERSION = YES;
				CLANG_WARN_INFINITE_RECURSION = YES;
				CLANG_WARN_INT_CONVERSION = YES;
				CLANG_WARN_NON_LITERAL_NULL_CONVERSION = YES;
				CLANG_WARN_OBJC_IMPLICIT_RETAIN_SELF = YES;
				CLANG_WARN_OBJC_LITERAL_CONVERSION = YES;
				CLANG_WARN_OBJC_ROOT_CLASS = YES_ERROR;
				CLANG_WARN_QUOTED_INCLUDE_IN_FRAMEWORK_HEADER = YES;
				CLANG_WARN_RANGE_LOOP_ANALYSIS = YES;
				CLANG_WARN_STRICT_PROTOTYPES = YES;
				CLANG_WARN_SUSPICIOUS_MOVE = YES;
				CLANG_WARN_UNGUARDED_AVAILABILITY = YES_AGGRESSIVE;
				CLANG_WARN_UNREACHABLE_CODE = YES;
				CLANG_WARN__DUPLICATE_METHOD_MATCH = YES;
				COPY_PHASE_STRIP = NO;
				DEBUG_INFORMATION_FORMAT = "dwarf-with-dsym";
				DEVELOPMENT_TEAM = 45EQP9793K;
				ENABLE_NS_ASSERTIONS = NO;
				ENABLE_STRICT_OBJC_MSGSEND = YES;
				ENABLE_USER_SCRIPT_SANDBOXING = YES;
				GCC_C_LANGUAGE_STANDARD = gnu17;
				GCC_NO_COMMON_BLOCKS = YES;
				GCC_WARN_64_TO_32_BIT_CONVERSION = YES;
				GCC_WARN_ABOUT_RETURN_TYPE = YES_ERROR;
				GCC_WARN_UNDECLARED_SELECTOR = YES;
				GCC_WARN_UNINITIALIZED_AUTOS = YES_AGGRESSIVE;
				GCC_WARN_UNUSED_FUNCTION = YES;
				GCC_WARN_UNUSED_VARIABLE = YES;
				IPHONEOS_DEPLOYMENT_TARGET = 13;
				LOCALIZATION_PREFERS_STRING_CATALOGS = YES;
				MTL_ENABLE_DEBUG_INFO = NO;
				MTL_FAST_MATH = YES;
				SDKROOT = iphoneos;
				SWIFT_COMPILATION_MODE = wholemodule;
				VALIDATE_PRODUCT = YES;
			};
			name = Release;
		};
		D04916DD2DDC5F24003A55E1 /* Debug */ = {
			isa = XCBuildConfiguration;
			buildSettings = {
				ASSETCATALOG_COMPILER_APPICON_NAME = AppIcon;
				ASSETCATALOG_COMPILER_GLOBAL_ACCENT_COLOR_NAME = AccentColor;
				CODE_SIGN_STYLE = Automatic;
				CURRENT_PROJECT_VERSION = 1;
				DEVELOPMENT_TEAM = 8MP67AP62K;
				ENABLE_PREVIEWS = YES;
				GENERATE_INFOPLIST_FILE = YES;
				INFOPLIST_FILE = ScannerDemoIOS/Info.plist;
				INFOPLIST_KEY_NSCameraUsageDescription = "We need camera usage";
				INFOPLIST_KEY_UIApplicationSceneManifest_Generation = YES;
				INFOPLIST_KEY_UIApplicationSupportsIndirectInputEvents = YES;
				INFOPLIST_KEY_UILaunchScreen_Generation = YES;
				INFOPLIST_KEY_UISupportedInterfaceOrientations_iPad = "UIInterfaceOrientationPortrait UIInterfaceOrientationPortraitUpsideDown UIInterfaceOrientationLandscapeLeft UIInterfaceOrientationLandscapeRight";
				INFOPLIST_KEY_UISupportedInterfaceOrientations_iPhone = "UIInterfaceOrientationPortrait UIInterfaceOrientationLandscapeLeft UIInterfaceOrientationLandscapeRight";
				IPHONEOS_DEPLOYMENT_TARGET = 14;
				LD_RUNPATH_SEARCH_PATHS = (
					"$(inherited)",
					"@executable_path/Frameworks",
				);
				MARKETING_VERSION = 1.0;
				PRODUCT_BUNDLE_IDENTIFIER = fido.uz.ScannerDemoIOS;
				PRODUCT_NAME = "$(TARGET_NAME)";
				SUPPORTED_PLATFORMS = "iphoneos iphonesimulator";
				SUPPORTS_MACCATALYST = NO;
				SUPPORTS_MAC_DESIGNED_FOR_IPHONE_IPAD = NO;
				SUPPORTS_XR_DESIGNED_FOR_IPHONE_IPAD = NO;
				SWIFT_EMIT_LOC_STRINGS = YES;
				SWIFT_VERSION = 5.0;
				TARGETED_DEVICE_FAMILY = "1,2";
			};
			name = Debug;
		};
		D04916DE2DDC5F24003A55E1 /* Release */ = {
			isa = XCBuildConfiguration;
			buildSettings = {
				ASSETCATALOG_COMPILER_APPICON_NAME = AppIcon;
				ASSETCATALOG_COMPILER_GLOBAL_ACCENT_COLOR_NAME = AccentColor;
				CODE_SIGN_STYLE = Automatic;
				CURRENT_PROJECT_VERSION = 1;
				DEVELOPMENT_TEAM = 8MP67AP62K;
				ENABLE_PREVIEWS = YES;
				GENERATE_INFOPLIST_FILE = YES;
				INFOPLIST_FILE = ScannerDemoIOS/Info.plist;
				INFOPLIST_KEY_NSCameraUsageDescription = "We need camera usage";
				INFOPLIST_KEY_UIApplicationSceneManifest_Generation = YES;
				INFOPLIST_KEY_UIApplicationSupportsIndirectInputEvents = YES;
				INFOPLIST_KEY_UILaunchScreen_Generation = YES;
				INFOPLIST_KEY_UISupportedInterfaceOrientations_iPad = "UIInterfaceOrientationPortrait UIInterfaceOrientationPortraitUpsideDown UIInterfaceOrientationLandscapeLeft UIInterfaceOrientationLandscapeRight";
				INFOPLIST_KEY_UISupportedInterfaceOrientations_iPhone = "UIInterfaceOrientationPortrait UIInterfaceOrientationLandscapeLeft UIInterfaceOrientationLandscapeRight";
				IPHONEOS_DEPLOYMENT_TARGET = 14;
				LD_RUNPATH_SEARCH_PATHS = (
					"$(inherited)",
					"@executable_path/Frameworks",
				);
				MARKETING_VERSION = 1.0;
				PRODUCT_BUNDLE_IDENTIFIER = fido.uz.ScannerDemoIOS;
				PRODUCT_NAME = "$(TARGET_NAME)";
				SUPPORTED_PLATFORMS = "iphoneos iphonesimulator";
				SUPPORTS_MACCATALYST = NO;
				SUPPORTS_MAC_DESIGNED_FOR_IPHONE_IPAD = NO;
				SUPPORTS_XR_DESIGNED_FOR_IPHONE_IPAD = NO;
				SWIFT_EMIT_LOC_STRINGS = YES;
				SWIFT_VERSION = 5.0;
				TARGETED_DEVICE_FAMILY = "1,2";
			};
			name = Release;
		};
		D04916E02DDC5F24003A55E1 /* Debug */ = {
			isa = XCBuildConfiguration;
			buildSettings = {
				BUNDLE_LOADER = "$(TEST_HOST)";
				CODE_SIGN_STYLE = Automatic;
				CURRENT_PROJECT_VERSION = 1;
				DEVELOPMENT_TEAM = 45EQP9793K;
				GENERATE_INFOPLIST_FILE = YES;
				IPHONEOS_DEPLOYMENT_TARGET = 18.4;
				MARKETING_VERSION = 1.0;
				PRODUCT_BUNDLE_IDENTIFIER = fido.uz.ScanDemoTests;
				PRODUCT_NAME = "$(TARGET_NAME)";
				SWIFT_EMIT_LOC_STRINGS = NO;
				SWIFT_VERSION = 5.0;
				TARGETED_DEVICE_FAMILY = "1,2";
				TEST_HOST = "$(BUILT_PRODUCTS_DIR)/ScannerDemoIOS.app/$(BUNDLE_EXECUTABLE_FOLDER_PATH)/ScannerDemoIOS";
			};
			name = Debug;
		};
		D04916E12DDC5F24003A55E1 /* Release */ = {
			isa = XCBuildConfiguration;
			buildSettings = {
				BUNDLE_LOADER = "$(TEST_HOST)";
				CODE_SIGN_STYLE = Automatic;
				CURRENT_PROJECT_VERSION = 1;
				DEVELOPMENT_TEAM = 45EQP9793K;
				GENERATE_INFOPLIST_FILE = YES;
				IPHONEOS_DEPLOYMENT_TARGET = 18.4;
				MARKETING_VERSION = 1.0;
				PRODUCT_BUNDLE_IDENTIFIER = fido.uz.ScanDemoTests;
				PRODUCT_NAME = "$(TARGET_NAME)";
				SWIFT_EMIT_LOC_STRINGS = NO;
				SWIFT_VERSION = 5.0;
				TARGETED_DEVICE_FAMILY = "1,2";
				TEST_HOST = "$(BUILT_PRODUCTS_DIR)/ScannerDemoIOS.app/$(BUNDLE_EXECUTABLE_FOLDER_PATH)/ScannerDemoIOS";
			};
			name = Release;
		};
		D04916E32DDC5F24003A55E1 /* Debug */ = {
			isa = XCBuildConfiguration;
			buildSettings = {
				CODE_SIGN_STYLE = Automatic;
				CURRENT_PROJECT_VERSION = 1;
				DEVELOPMENT_TEAM = 45EQP9793K;
				GENERATE_INFOPLIST_FILE = YES;
				MARKETING_VERSION = 1.0;
				PRODUCT_BUNDLE_IDENTIFIER = fido.uz.ScanDemoUITests;
				PRODUCT_NAME = "$(TARGET_NAME)";
				SWIFT_EMIT_LOC_STRINGS = NO;
				SWIFT_VERSION = 5.0;
				TARGETED_DEVICE_FAMILY = "1,2";
				TEST_TARGET_NAME = ScanDemo;
			};
			name = Debug;
		};
		D04916E42DDC5F24003A55E1 /* Release */ = {
			isa = XCBuildConfiguration;
			buildSettings = {
				CODE_SIGN_STYLE = Automatic;
				CURRENT_PROJECT_VERSION = 1;
				DEVELOPMENT_TEAM = 45EQP9793K;
				GENERATE_INFOPLIST_FILE = YES;
				MARKETING_VERSION = 1.0;
				PRODUCT_BUNDLE_IDENTIFIER = fido.uz.ScanDemoUITests;
				PRODUCT_NAME = "$(TARGET_NAME)";
				SWIFT_EMIT_LOC_STRINGS = NO;
				SWIFT_VERSION = 5.0;
				TARGETED_DEVICE_FAMILY = "1,2";
				TEST_TARGET_NAME = ScanDemo;
			};
			name = Release;
		};
/* End XCBuildConfiguration section */

/* Begin XCConfigurationList section */
		D04916B12DDC5F21003A55E1 /* Build configuration list for PBXProject "ScannerDemoIOS" */ = {
			isa = XCConfigurationList;
			buildConfigurations = (
				D04916DA2DDC5F24003A55E1 /* Debug */,
				D04916DB2DDC5F24003A55E1 /* Release */,
			);
			defaultConfigurationIsVisible = 0;
			defaultConfigurationName = Release;
		};
		D04916DC2DDC5F24003A55E1 /* Build configuration list for PBXNativeTarget "ScannerDemoIOS" */ = {
			isa = XCConfigurationList;
			buildConfigurations = (
				D04916DD2DDC5F24003A55E1 /* Debug */,
				D04916DE2DDC5F24003A55E1 /* Release */,
			);
			defaultConfigurationIsVisible = 0;
			defaultConfigurationName = Release;
		};
		D04916DF2DDC5F24003A55E1 /* Build configuration list for PBXNativeTarget "ScannerDemoIOSTests" */ = {
			isa = XCConfigurationList;
			buildConfigurations = (
				D04916E02DDC5F24003A55E1 /* Debug */,
				D04916E12DDC5F24003A55E1 /* Release */,
			);
			defaultConfigurationIsVisible = 0;
			defaultConfigurationName = Release;
		};
		D04916E22DDC5F24003A55E1 /* Build configuration list for PBXNativeTarget "ScannerDemoIOSUITests" */ = {
			isa = XCConfigurationList;
			buildConfigurations = (
				D04916E32DDC5F24003A55E1 /* Debug */,
				D04916E42DDC5F24003A55E1 /* Release */,
			);
			defaultConfigurationIsVisible = 0;
			defaultConfigurationName = Release;
		};
/* End XCConfigurationList section */

/* Begin XCLocalSwiftPackageReference section */
		D0B1F3B32DDDB6C6003F83E2 /* XCLocalSwiftPackageReference "../../Packages/Scanner" */ = {
			isa = XCLocalSwiftPackageReference;
			relativePath = ../../Packages/Scanner;
		};
/* End XCLocalSwiftPackageReference section */

/* Begin XCSwiftPackageProductDependency section */
		D03CAB882DDDB72700FFAE4A /* Scanner */ = {
			isa = XCSwiftPackageProductDependency;
			package = D0B1F3B32DDDB6C6003F83E2 /* XCLocalSwiftPackageReference "../../Packages/Scanner" */;
			productName = Scanner;
		};
/* End XCSwiftPackageProductDependency section */

/* Begin XCVersionGroup section */
		D0F198DD2DE0810C00C8BA89 /* ScanDemo.xcdatamodeld */ = {
			isa = XCVersionGroup;
			children = (
				D0F198E02DE0810C00C8BA89 /* ScanDemo.xcdatamodel */,
			);
			currentVersion = D0F198E02DE0810C00C8BA89 /* ScanDemo.xcdatamodel */;
			path = ScanDemo.xcdatamodeld;
			sourceTree = "<group>";
			versionGroupType = wrapper.xcdatamodel;
		};
/* End XCVersionGroup section */
	};
	rootObject = D04916AE2DDC5F21003A55E1 /* Project object */;
}
